
Microsoft Visual Studio Solution File, Format Version 12.00
# Visual Studio 15
VisualStudioVersion = 15.0.28010.2046
MinimumVisualStudioVersion = 10.0.40219.1
Project("{FAE04EC0-301F-11D3-BF4B-00C04F79EFBC}") = "Coin", "Coin\Coin.csproj", "{37F9645E-EB26-4869-939C-77B71C906CB3}"
EndProject
Global
	GlobalSection(SolutionConfigurationPlatforms) = preSolution
		Debug|Any CPU = Debug|Any CPU
		Release|Any CPU = Release|Any CPU
	EndGlobalSection
	GlobalSection(ProjectConfigurationPlatforms) = postSolution
		{37F9645E-EB26-4869-939C-77B71C906CB3}.Debug|Any CPU.ActiveCfg = Debug|Any CPU
		{37F9645E-EB26-4869-939C-77B71C906CB3}.Debug|Any CPU.Build.0 = Debug|Any CPU
		{37F9645E-EB26-4869-939C-77B71C906CB3}.Release|Any CPU.ActiveCfg = Release|Any CPU
		{37F9645E-EB26-4869-939C-77B71C906CB3}.Release|Any CPU.Build.0 = Release|Any CPU
	EndGlobalSection
	GlobalSection(SolutionProperties) = preSolution
		HideSolutionNode = FALSE
	EndGlobalSection
	GlobalSection(ExtensibilityGlobals) = postSolution
		SolutionGuid = {B755B835-4EBD-4BA9-A5FA-FE14CB7235C2}
	EndGlobalSection
EndGlobal
